
Microsoft Visual Studio Solution File, Format Version 12.00
# Visual Studio Version 17
VisualStudioVersion = 17.2.32516.85
MinimumVisualStudioVersion = 10.0.40219.1
Project("{FAE04EC0-301F-11D3-BF4B-00C04F79EFBC}") = "NetFundamentals", "NetFundamentals.csproj", "{F66060FA-A6F7-4102-B95F-27821E5C0731}"
EndProject
Global
	GlobalSection(SolutionConfigurationPlatforms) = preSolution
		Debug|Any CPU = Debug|Any CPU
		Release|Any CPU = Release|Any CPU
	EndGlobalSection
	GlobalSection(ProjectConfigurationPlatforms) = postSolution
		{F66060FA-A6F7-4102-B95F-27821E5C0731}.Debug|Any CPU.ActiveCfg = Debug|Any CPU
		{F66060FA-A6F7-4102-B95F-27821E5C0731}.Debug|Any CPU.Build.0 = Debug|Any CPU
		{F66060FA-A6F7-4102-B95F-27821E5C0731}.Release|Any CPU.ActiveCfg = Release|Any CPU
		{F66060FA-A6F7-4102-B95F-27821E5C0731}.Release|Any CPU.Build.0 = Release|Any CPU
	EndGlobalSection
	GlobalSection(SolutionProperties) = preSolution
		HideSolutionNode = FALSE
	EndGlobalSection
	GlobalSection(ExtensibilityGlobals) = postSolution
		SolutionGuid = {E2B6B760-CFC1-4355-87CA-E1B15EB9142C}
	EndGlobalSection
EndGlobal
